
Microsoft Visual Studio Solution File, Format Version 12.00
# Visual Studio Version 17
VisualStudioVersion = 17.12.35514.174
MinimumVisualStudioVersion = 10.0.40219.1
Project("{FAE04EC0-301F-11D3-BF4B-00C04F79EFBC}") = "IDE", "IDE.csproj", "{1FF4E978-12BF-443F-8B87-1467E43BDDDD}"
EndProject
Project("{FAE04EC0-301F-11D3-BF4B-00C04F79EFBC}") = "Atsi.Structures", "..\Atsi.Structures\Atsi.Structures.csproj", "{51796106-6EB5-4987-981C-084A3AFF97BB}"
EndProject
Project("{FAE04EC0-301F-11D3-BF4B-00C04F79EFBC}") = "Atsi.Domain", "..\Atsi.Domain\Atsi.Domain.csproj", "{592BD16F-820B-4ACD-AFE5-42F1FFA19311}"
EndProject
Project("{2150E333-8FDC-42A3-9474-1A3956D46DE8}") = "Solution Items", "Solution Items", "{B3FC6E6A-5E76-4EA2-8253-722788E75C8E}"
	ProjectSection(SolutionItems) = preProject
		simple1.txt = simple1.txt
	EndProjectSection
EndProject
Project("{FAE04EC0-301F-11D3-BF4B-00C04F79EFBC}") = "Testing", "..\TestProject1\Testing.csproj", "{9E29AB21-0156-4EAB-B4EF-BD47A3CC9D06}"
EndProject
Global
	GlobalSection(SolutionConfigurationPlatforms) = preSolution
		Debug|Any CPU = Debug|Any CPU
		Release|Any CPU = Release|Any CPU
	EndGlobalSection
	GlobalSection(ProjectConfigurationPlatforms) = postSolution
		{1FF4E978-12BF-443F-8B87-1467E43BDDDD}.Debug|Any CPU.ActiveCfg = Debug|Any CPU
		{1FF4E978-12BF-443F-8B87-1467E43BDDDD}.Debug|Any CPU.Build.0 = Debug|Any CPU
		{1FF4E978-12BF-443F-8B87-1467E43BDDDD}.Release|Any CPU.ActiveCfg = Release|Any CPU
		{1FF4E978-12BF-443F-8B87-1467E43BDDDD}.Release|Any CPU.Build.0 = Release|Any CPU
		{51796106-6EB5-4987-981C-084A3AFF97BB}.Debug|Any CPU.ActiveCfg = Debug|Any CPU
		{51796106-6EB5-4987-981C-084A3AFF97BB}.Debug|Any CPU.Build.0 = Debug|Any CPU
		{51796106-6EB5-4987-981C-084A3AFF97BB}.Release|Any CPU.ActiveCfg = Release|Any CPU
		{51796106-6EB5-4987-981C-084A3AFF97BB}.Release|Any CPU.Build.0 = Release|Any CPU
		{592BD16F-820B-4ACD-AFE5-42F1FFA19311}.Debug|Any CPU.ActiveCfg = Debug|Any CPU
		{592BD16F-820B-4ACD-AFE5-42F1FFA19311}.Debug|Any CPU.Build.0 = Debug|Any CPU
		{592BD16F-820B-4ACD-AFE5-42F1FFA19311}.Release|Any CPU.ActiveCfg = Release|Any CPU
		{592BD16F-820B-4ACD-AFE5-42F1FFA19311}.Release|Any CPU.Build.0 = Release|Any CPU
		{9E29AB21-0156-4EAB-B4EF-BD47A3CC9D06}.Debug|Any CPU.ActiveCfg = Debug|Any CPU
		{9E29AB21-0156-4EAB-B4EF-BD47A3CC9D06}.Debug|Any CPU.Build.0 = Debug|Any CPU
		{9E29AB21-0156-4EAB-B4EF-BD47A3CC9D06}.Release|Any CPU.ActiveCfg = Release|Any CPU
		{9E29AB21-0156-4EAB-B4EF-BD47A3CC9D06}.Release|Any CPU.Build.0 = Release|Any CPU
	EndGlobalSection
	GlobalSection(SolutionProperties) = preSolution
		HideSolutionNode = FALSE
	EndGlobalSection
	GlobalSection(ExtensibilityGlobals) = postSolution
		SolutionGuid = {30651E2B-7BCE-41DF-84B1-F1F1827C13CC}
	EndGlobalSection
EndGlobal
